
Microsoft Visual Studio Solution File, Format Version 12.00
# Visual Studio Version 17
VisualStudioVersion = 17.10.35027.167
MinimumVisualStudioVersion = 10.0.40219.1
Project("{FAE04EC0-301F-11D3-BF4B-00C04F79EFBC}") = "Core", "Core\Core.csproj", "{D09E0B37-BE9D-4E4A-93DF-306703B37A79}"
EndProject
Project("{FAE04EC0-301F-11D3-BF4B-00C04F79EFBC}") = "Application", "Application\Application.csproj", "{293C2CFC-6A84-406A-912B-82FDDA4C4197}"
EndProject
Global
	GlobalSection(SolutionConfigurationPlatforms) = preSolution
		Debug|Any CPU = Debug|Any CPU
		Release|Any CPU = Release|Any CPU
	EndGlobalSection
	GlobalSection(ProjectConfigurationPlatforms) = postSolution
		{D09E0B37-BE9D-4E4A-93DF-306703B37A79}.Debug|Any CPU.ActiveCfg = Debug|Any CPU
		{D09E0B37-BE9D-4E4A-93DF-306703B37A79}.Debug|Any CPU.Build.0 = Debug|Any CPU
		{D09E0B37-BE9D-4E4A-93DF-306703B37A79}.Release|Any CPU.ActiveCfg = Release|Any CPU
		{D09E0B37-BE9D-4E4A-93DF-306703B37A79}.Release|Any CPU.Build.0 = Release|Any CPU
		{293C2CFC-6A84-406A-912B-82FDDA4C4197}.Debug|Any CPU.ActiveCfg = Debug|Any CPU
		{293C2CFC-6A84-406A-912B-82FDDA4C4197}.Debug|Any CPU.Build.0 = Debug|Any CPU
		{293C2CFC-6A84-406A-912B-82FDDA4C4197}.Release|Any CPU.ActiveCfg = Release|Any CPU
		{293C2CFC-6A84-406A-912B-82FDDA4C4197}.Release|Any CPU.Build.0 = Release|Any CPU
	EndGlobalSection
	GlobalSection(SolutionProperties) = preSolution
		HideSolutionNode = FALSE
	EndGlobalSection
	GlobalSection(ExtensibilityGlobals) = postSolution
		SolutionGuid = {36BAFDAA-88D6-4593-A796-0535D17E2008}
	EndGlobalSection
EndGlobal
